{
  "originHash" : "75df5934b0bd2a5d656ba0ffcbd30d180d52db0cc91dc53759a16c441d668603",
  "pins" : [
    {
      "identity" : "gdperformanceview-swift",
      "kind" : "remoteSourceControl",
      "location" : "https://github.com/dani-gavrilov/GDPerformanceView-Swift.git",
      "state" : {
        "revision" : "171a656040135d667f4228c3ec82f2384770d87d",
        "version" : "2.1.1"
      }
    }
  ],
  "version" : 3
}
